
Microsoft Visual Studio Solution File, Format Version 12.00
Project("{FAE04EC0-301F-11D3-BF4B-00C04F79EFBC}") = "UXAV.Logging", "UXAV.Logging\UXAV.Logging.csproj", "{6F84649D-129E-4E0F-9CA7-833EE4F56148}"
EndProject
Global
	GlobalSection(SolutionConfigurationPlatforms) = preSolution
		Debug|Any CPU = Debug|Any CPU
		Release|Any CPU = Release|Any CPU
	EndGlobalSection
	GlobalSection(ProjectConfigurationPlatforms) = postSolution
		{6F84649D-129E-4E0F-9CA7-833EE4F56148}.Debug|Any CPU.ActiveCfg = Debug|Any CPU
		{6F84649D-129E-4E0F-9CA7-833EE4F56148}.Debug|Any CPU.Build.0 = Debug|Any CPU
		{6F84649D-129E-4E0F-9CA7-833EE4F56148}.Release|Any CPU.ActiveCfg = Release|Any CPU
		{6F84649D-129E-4E0F-9CA7-833EE4F56148}.Release|Any CPU.Build.0 = Release|Any CPU
	EndGlobalSection
EndGlobal
